
Microsoft Visual Studio Solution File, Format Version 12.00
# Visual Studio Version 16
VisualStudioVersion = 16.0.808.4
MinimumVisualStudioVersion = 10.0.40219.1
Project("{9A19103F-16F7-4668-BE54-9A1E7A4F7556}") = "ProductService", "ProductService\ProductService.csproj", "{AB34E4CF-21EB-440F-8FDC-90545FF523BC}"
EndProject
Project("{FAE04EC0-301F-11D3-BF4B-00C04F79EFBC}") = "ProductService.Api", "ProductService.Api\ProductService.Api.csproj", "{289FCF0C-87B6-4CA0-B6AA-F7148BCA24BE}"
EndProject
Project("{FAE04EC0-301F-11D3-BF4B-00C04F79EFBC}") = "PricingService", "PricingService\PricingService.csproj", "{1F32E330-BE1C-488C-A203-081FCABA8B1B}"
EndProject
Project("{FAE04EC0-301F-11D3-BF4B-00C04F79EFBC}") = "PricingService.Api", "PricingService.Api\PricingService.Api.csproj", "{D0056AC9-679A-425F-8606-0C10DEE49DD7}"
EndProject
Project("{FAE04EC0-301F-11D3-BF4B-00C04F79EFBC}") = "AuthService", "AuthService\AuthService.csproj", "{D92F65B0-6771-4CEE-9234-65E6404A15C4}"
EndProject
Global
	GlobalSection(SolutionConfigurationPlatforms) = preSolution
		Debug|Any CPU = Debug|Any CPU
		Release|Any CPU = Release|Any CPU
	EndGlobalSection
	GlobalSection(ProjectConfigurationPlatforms) = postSolution
		{AB34E4CF-21EB-440F-8FDC-90545FF523BC}.Debug|Any CPU.ActiveCfg = Debug|Any CPU
		{AB34E4CF-21EB-440F-8FDC-90545FF523BC}.Debug|Any CPU.Build.0 = Debug|Any CPU
		{AB34E4CF-21EB-440F-8FDC-90545FF523BC}.Release|Any CPU.ActiveCfg = Release|Any CPU
		{AB34E4CF-21EB-440F-8FDC-90545FF523BC}.Release|Any CPU.Build.0 = Release|Any CPU
		{289FCF0C-87B6-4CA0-B6AA-F7148BCA24BE}.Debug|Any CPU.ActiveCfg = Debug|Any CPU
		{289FCF0C-87B6-4CA0-B6AA-F7148BCA24BE}.Debug|Any CPU.Build.0 = Debug|Any CPU
		{289FCF0C-87B6-4CA0-B6AA-F7148BCA24BE}.Release|Any CPU.ActiveCfg = Release|Any CPU
		{289FCF0C-87B6-4CA0-B6AA-F7148BCA24BE}.Release|Any CPU.Build.0 = Release|Any CPU
		{1F32E330-BE1C-488C-A203-081FCABA8B1B}.Debug|Any CPU.ActiveCfg = Debug|Any CPU
		{1F32E330-BE1C-488C-A203-081FCABA8B1B}.Debug|Any CPU.Build.0 = Debug|Any CPU
		{1F32E330-BE1C-488C-A203-081FCABA8B1B}.Release|Any CPU.ActiveCfg = Release|Any CPU
		{1F32E330-BE1C-488C-A203-081FCABA8B1B}.Release|Any CPU.Build.0 = Release|Any CPU
		{D0056AC9-679A-425F-8606-0C10DEE49DD7}.Debug|Any CPU.ActiveCfg = Debug|Any CPU
		{D0056AC9-679A-425F-8606-0C10DEE49DD7}.Debug|Any CPU.Build.0 = Debug|Any CPU
		{D0056AC9-679A-425F-8606-0C10DEE49DD7}.Release|Any CPU.ActiveCfg = Release|Any CPU
		{D0056AC9-679A-425F-8606-0C10DEE49DD7}.Release|Any CPU.Build.0 = Release|Any CPU
		{D92F65B0-6771-4CEE-9234-65E6404A15C4}.Debug|Any CPU.ActiveCfg = Debug|Any CPU
		{D92F65B0-6771-4CEE-9234-65E6404A15C4}.Debug|Any CPU.Build.0 = Debug|Any CPU
		{D92F65B0-6771-4CEE-9234-65E6404A15C4}.Release|Any CPU.ActiveCfg = Release|Any CPU
		{D92F65B0-6771-4CEE-9234-65E6404A15C4}.Release|Any CPU.Build.0 = Release|Any CPU
	EndGlobalSection
	GlobalSection(SolutionProperties) = preSolution
		HideSolutionNode = FALSE
	EndGlobalSection
	GlobalSection(ExtensibilityGlobals) = postSolution
		SolutionGuid = {C86A66A6-E1B3-4441-95EB-12F7B5FF9243}
	EndGlobalSection
EndGlobal
